
Microsoft Visual Studio Solution File, Format Version 12.00
# Visual Studio 2012
Project("{FAE04EC0-301F-11D3-BF4B-00C04F79EFBC}") = "ClickOnceUninstaller", "ClickOnceUninstaller\ClickOnceUninstaller.csproj", "{CE6884BE-105D-4B8A-822B-F1282BE4C826}"
EndProject
Project("{FAE04EC0-301F-11D3-BF4B-00C04F79EFBC}") = "ClickOnceUninstaller.CustomAction", "ClickOnceUninstaller.CustomAction\ClickOnceUninstaller.CustomAction.csproj", "{B96C3680-4EC5-4AA0-8C82-41782B8A884B}"
EndProject
Global
	GlobalSection(SolutionConfigurationPlatforms) = preSolution
		Debug|Any CPU = Debug|Any CPU
		Release|Any CPU = Release|Any CPU
	EndGlobalSection
	GlobalSection(ProjectConfigurationPlatforms) = postSolution
		{CE6884BE-105D-4B8A-822B-F1282BE4C826}.Debug|Any CPU.ActiveCfg = Debug|Any CPU
		{CE6884BE-105D-4B8A-822B-F1282BE4C826}.Debug|Any CPU.Build.0 = Debug|Any CPU
		{CE6884BE-105D-4B8A-822B-F1282BE4C826}.Release|Any CPU.ActiveCfg = Release|Any CPU
		{CE6884BE-105D-4B8A-822B-F1282BE4C826}.Release|Any CPU.Build.0 = Release|Any CPU
		{B96C3680-4EC5-4AA0-8C82-41782B8A884B}.Debug|Any CPU.ActiveCfg = Debug|x86
		{B96C3680-4EC5-4AA0-8C82-41782B8A884B}.Debug|Any CPU.Build.0 = Debug|x86
		{B96C3680-4EC5-4AA0-8C82-41782B8A884B}.Release|Any CPU.ActiveCfg = Release|x86
	EndGlobalSection
	GlobalSection(SolutionProperties) = preSolution
		HideSolutionNode = FALSE
	EndGlobalSection
EndGlobal
